// !$*UTF8*$!
{
	archiveVersion = 1;
	classes = {
	};
	objectVersion = 50;
	objects = {

/* Begin PBXBuildFile section */
		AA6CA8602EC01CF46AC61EA0 /* Pods_StarTrivia.framework in Frameworks */ = {isa = PBXBuildFile; fileRef = E9FC14BD9298913AD4678C1F /* Pods_StarTrivia.framework */; };
		AC270D192280BE6400AD1941 /* FadeEnabledBtn.swift in Sources */ = {isa = PBXBuildFile; fileRef = AC270D182280BE6400AD1941 /* FadeEnabledBtn.swift */; };
		AC270D1B2280C77500AD1941 /* HomeworldVC.swift in Sources */ = {isa = PBXBuildFile; fileRef = AC270D1A2280C77500AD1941 /* HomeworldVC.swift */; };
		AC270D1F2280C7CA00AD1941 /* VehiclesVC.swift in Sources */ = {isa = PBXBuildFile; fileRef = AC270D1E2280C7CA00AD1941 /* VehiclesVC.swift */; };
		AC270D212280C7E200AD1941 /* StarshipsVC.swift in Sources */ = {isa = PBXBuildFile; fileRef = AC270D202280C7E200AD1941 /* StarshipsVC.swift */; };
		AC270D232280C7F100AD1941 /* FilmsVC.swift in Sources */ = {isa = PBXBuildFile; fileRef = AC270D222280C7F100AD1941 /* FilmsVC.swift */; };
		ACDA5A882283164600992E83 /* Homeworld.swift in Sources */ = {isa = PBXBuildFile; fileRef = ACDA5A872283164600992E83 /* Homeworld.swift */; };
		ACDA5A8A2283169800992E83 /* HomeworldApi.swift in Sources */ = {isa = PBXBuildFile; fileRef = ACDA5A892283169800992E83 /* HomeworldApi.swift */; };
		B42C2F3455DD2B8E5E8400C0 /* Pods_StarTriviaTests.framework in Frameworks */ = {isa = PBXBuildFile; fileRef = 1C87C8B2CC67ABF610235BF5 /* Pods_StarTriviaTests.framework */; };
		E51B755BEB9BB3F70F178146 /* Pods_StarTriviaUITests.framework in Frameworks */ = {isa = PBXBuildFile; fileRef = C028C631003EA7EFDF91333B /* Pods_StarTriviaUITests.framework */; };
		FC21A8932191150E0023473C /* AppDelegate.swift in Sources */ = {isa = PBXBuildFile; fileRef = FC21A8922191150E0023473C /* AppDelegate.swift */; };
		FC21A8952191150E0023473C /* SelectPersonVC.swift in Sources */ = {isa = PBXBuildFile; fileRef = FC21A8942191150E0023473C /* SelectPersonVC.swift */; };
		FC21A8982191150E0023473C /* Main.storyboard in Resources */ = {isa = PBXBuildFile; fileRef = FC21A8962191150E0023473C /* Main.storyboard */; };
		FC21A89A2191150F0023473C /* Assets.xcassets in Resources */ = {isa = PBXBuildFile; fileRef = FC21A8992191150F0023473C /* Assets.xcassets */; };
		FC21A89D2191150F0023473C /* LaunchScreen.storyboard in Resources */ = {isa = PBXBuildFile; fileRef = FC21A89B2191150F0023473C /* LaunchScreen.storyboard */; };
		FC21A8A82191150F0023473C /* StarTriviaTests.swift in Sources */ = {isa = PBXBuildFile; fileRef = FC21A8A72191150F0023473C /* StarTriviaTests.swift */; };
		FC21A8B32191150F0023473C /* StarTriviaUITests.swift in Sources */ = {isa = PBXBuildFile; fileRef = FC21A8B22191150F0023473C /* StarTriviaUITests.swift */; };
		FC21A8C32191172D0023473C /* Starjhol.ttf in Resources */ = {isa = PBXBuildFile; fileRef = FC21A8C02191172D0023473C /* Starjhol.ttf */; };
		FC21A8C42191172D0023473C /* Starjedi.ttf in Resources */ = {isa = PBXBuildFile; fileRef = FC21A8C12191172D0023473C /* Starjedi.ttf */; };
		FC21A8C52191172D0023473C /* Starjout.ttf in Resources */ = {isa = PBXBuildFile; fileRef = FC21A8C22191172D0023473C /* Starjout.ttf */; };
		FC46DC5821A31D5300421248 /* BlackBgView.swift in Sources */ = {isa = PBXBuildFile; fileRef = FC46DC5721A31D5300421248 /* BlackBgView.swift */; };
		FC46DC5B21A31E3200421248 /* Constants.swift in Sources */ = {isa = PBXBuildFile; fileRef = FC46DC5A21A31E3200421248 /* Constants.swift */; };
		FC46DC5E21A3267900421248 /* PersonApi.swift in Sources */ = {isa = PBXBuildFile; fileRef = FC46DC5D21A3267900421248 /* PersonApi.swift */; };
		FC46DC6021A332C500421248 /* Person.swift in Sources */ = {isa = PBXBuildFile; fileRef = FC46DC5F21A332C500421248 /* Person.swift */; };
/* End PBXBuildFile section */

/* Begin PBXContainerItemProxy section */
		FC21A8A42191150F0023473C /* PBXContainerItemProxy */ = {
			isa = PBXContainerItemProxy;
			containerPortal = FC21A8872191150E0023473C /* Project object */;
			proxyType = 1;
			remoteGlobalIDString = FC21A88E2191150E0023473C;
			remoteInfo = StarTrivia;
		};
		FC21A8AF2191150F0023473C /* PBXContainerItemProxy */ = {
			isa = PBXContainerItemProxy;
			containerPortal = FC21A8872191150E0023473C /* Project object */;
			proxyType = 1;
			remoteGlobalIDString = FC21A88E2191150E0023473C;
			remoteInfo = StarTrivia;
		};
/* End PBXContainerItemProxy section */

/* Begin PBXFileReference section */
		0F9C5C32D4EF0A7653D24D6F /* Pods-StarTriviaTests.debug.xcconfig */ = {isa = PBXFileReference; includeInIndex = 1; lastKnownFileType = text.xcconfig; name = "Pods-StarTriviaTests.debug.xcconfig"; path = "Pods/Target Support Files/Pods-StarTriviaTests/Pods-StarTriviaTests.debug.xcconfig"; sourceTree = "<group>"; };
		1C87C8B2CC67ABF610235BF5 /* Pods_StarTriviaTests.framework */ = {isa = PBXFileReference; explicitFileType = wrapper.framework; includeInIndex = 0; path = Pods_StarTriviaTests.framework; sourceTree = BUILT_PRODUCTS_DIR; };
		4B500FD1698C396E936FBAD0 /* Pods-StarTrivia.release.xcconfig */ = {isa = PBXFileReference; includeInIndex = 1; lastKnownFileType = text.xcconfig; name = "Pods-StarTrivia.release.xcconfig"; path = "Pods/Target Support Files/Pods-StarTrivia/Pods-StarTrivia.release.xcconfig"; sourceTree = "<group>"; };
		97AB77D216795543B0635A70 /* Pods-StarTrivia.debug.xcconfig */ = {isa = PBXFileReference; includeInIndex = 1; lastKnownFileType = text.xcconfig; name = "Pods-StarTrivia.debug.xcconfig"; path = "Pods/Target Support Files/Pods-StarTrivia/Pods-StarTrivia.debug.xcconfig"; sourceTree = "<group>"; };
		AC270D182280BE6400AD1941 /* FadeEnabledBtn.swift */ = {isa = PBXFileReference; lastKnownFileType = sourcecode.swift; path = FadeEnabledBtn.swift; sourceTree = "<group>"; };
		AC270D1A2280C77500AD1941 /* HomeworldVC.swift */ = {isa = PBXFileReference; lastKnownFileType = sourcecode.swift; path = HomeworldVC.swift; sourceTree = "<group>"; };
		AC270D1E2280C7CA00AD1941 /* VehiclesVC.swift */ = {isa = PBXFileReference; lastKnownFileType = sourcecode.swift; path = VehiclesVC.swift; sourceTree = "<group>"; };
		AC270D202280C7E200AD1941 /* StarshipsVC.swift */ = {isa = PBXFileReference; lastKnownFileType = sourcecode.swift; path = StarshipsVC.swift; sourceTree = "<group>"; };
		AC270D222280C7F100AD1941 /* FilmsVC.swift */ = {isa = PBXFileReference; lastKnownFileType = sourcecode.swift; path = FilmsVC.swift; sourceTree = "<group>"; };
		ACDA5A872283164600992E83 /* Homeworld.swift */ = {isa = PBXFileReference; lastKnownFileType = sourcecode.swift; path = Homeworld.swift; sourceTree = "<group>"; };
		ACDA5A892283169800992E83 /* HomeworldApi.swift */ = {isa = PBXFileReference; lastKnownFileType = sourcecode.swift; path = HomeworldApi.swift; sourceTree = "<group>"; };
		C028C631003EA7EFDF91333B /* Pods_StarTriviaUITests.framework */ = {isa = PBXFileReference; explicitFileType = wrapper.framework; includeInIndex = 0; path = Pods_StarTriviaUITests.framework; sourceTree = BUILT_PRODUCTS_DIR; };
		C2A67C65B6A3E3998C14B7A3 /* Pods-StarTriviaUITests.release.xcconfig */ = {isa = PBXFileReference; includeInIndex = 1; lastKnownFileType = text.xcconfig; name = "Pods-StarTriviaUITests.release.xcconfig"; path = "Pods/Target Support Files/Pods-StarTriviaUITests/Pods-StarTriviaUITests.release.xcconfig"; sourceTree = "<group>"; };
		D715C65D48D368E03BCC5FAA /* Pods-StarTriviaTests.release.xcconfig */ = {isa = PBXFileReference; includeInIndex = 1; lastKnownFileType = text.xcconfig; name = "Pods-StarTriviaTests.release.xcconfig"; path = "Pods/Target Support Files/Pods-StarTriviaTests/Pods-StarTriviaTests.release.xcconfig"; sourceTree = "<group>"; };
		E9FC14BD9298913AD4678C1F /* Pods_StarTrivia.framework */ = {isa = PBXFileReference; explicitFileType = wrapper.framework; includeInIndex = 0; path = Pods_StarTrivia.framework; sourceTree = BUILT_PRODUCTS_DIR; };
		F2E84C4B9D19525F59351796 /* Pods-StarTriviaUITests.debug.xcconfig */ = {isa = PBXFileReference; includeInIndex = 1; lastKnownFileType = text.xcconfig; name = "Pods-StarTriviaUITests.debug.xcconfig"; path = "Pods/Target Support Files/Pods-StarTriviaUITests/Pods-StarTriviaUITests.debug.xcconfig"; sourceTree = "<group>"; };
		FC21A88F2191150E0023473C /* StarTrivia.app */ = {isa = PBXFileReference; explicitFileType = wrapper.application; includeInIndex = 0; path = StarTrivia.app; sourceTree = BUILT_PRODUCTS_DIR; };
		FC21A8922191150E0023473C /* AppDelegate.swift */ = {isa = PBXFileReference; lastKnownFileType = sourcecode.swift; path = AppDelegate.swift; sourceTree = "<group>"; };
		FC21A8942191150E0023473C /* SelectPersonVC.swift */ = {isa = PBXFileReference; lastKnownFileType = sourcecode.swift; path = SelectPersonVC.swift; sourceTree = "<group>"; };
		FC21A8972191150E0023473C /* Base */ = {isa = PBXFileReference; lastKnownFileType = file.storyboard; name = Base; path = Base.lproj/Main.storyboard; sourceTree = "<group>"; };
		FC21A8992191150F0023473C /* Assets.xcassets */ = {isa = PBXFileReference; lastKnownFileType = folder.assetcatalog; path = Assets.xcassets; sourceTree = "<group>"; };
		FC21A89C2191150F0023473C /* Base */ = {isa = PBXFileReference; lastKnownFileType = file.storyboard; name = Base; path = Base.lproj/LaunchScreen.storyboard; sourceTree = "<group>"; };
		FC21A89E2191150F0023473C /* Info.plist */ = {isa = PBXFileReference; lastKnownFileType = text.plist.xml; path = Info.plist; sourceTree = "<group>"; };
		FC21A8A32191150F0023473C /* StarTriviaTests.xctest */ = {isa = PBXFileReference; explicitFileType = wrapper.cfbundle; includeInIndex = 0; path = StarTriviaTests.xctest; sourceTree = BUILT_PRODUCTS_DIR; };
		FC21A8A72191150F0023473C /* StarTriviaTests.swift */ = {isa = PBXFileReference; lastKnownFileType = sourcecode.swift; path = StarTriviaTests.swift; sourceTree = "<group>"; };
		FC21A8A92191150F0023473C /* Info.plist */ = {isa = PBXFileReference; lastKnownFileType = text.plist.xml; path = Info.plist; sourceTree = "<group>"; };
		FC21A8AE2191150F0023473C /* StarTriviaUITests.xctest */ = {isa = PBXFileReference; explicitFileType = wrapper.cfbundle; includeInIndex = 0; path = StarTriviaUITests.xctest; sourceTree = BUILT_PRODUCTS_DIR; };
		FC21A8B22191150F0023473C /* StarTriviaUITests.swift */ = {isa = PBXFileReference; lastKnownFileType = sourcecode.swift; path = StarTriviaUITests.swift; sourceTree = "<group>"; };
		FC21A8B42191150F0023473C /* Info.plist */ = {isa = PBXFileReference; lastKnownFileType = text.plist.xml; path = Info.plist; sourceTree = "<group>"; };
		FC21A8C02191172D0023473C /* Starjhol.ttf */ = {isa = PBXFileReference; lastKnownFileType = file; path = Starjhol.ttf; sourceTree = "<group>"; };
		FC21A8C12191172D0023473C /* Starjedi.ttf */ = {isa = PBXFileReference; lastKnownFileType = file; path = Starjedi.ttf; sourceTree = "<group>"; };
		FC21A8C22191172D0023473C /* Starjout.ttf */ = {isa = PBXFileReference; lastKnownFileType = file; path = Starjout.ttf; sourceTree = "<group>"; };
		FC46DC5721A31D5300421248 /* BlackBgView.swift */ = {isa = PBXFileReference; lastKnownFileType = sourcecode.swift; path = BlackBgView.swift; sourceTree = "<group>"; };
		FC46DC5A21A31E3200421248 /* Constants.swift */ = {isa = PBXFileReference; lastKnownFileType = sourcecode.swift; path = Constants.swift; sourceTree = "<group>"; };
		FC46DC5D21A3267900421248 /* PersonApi.swift */ = {isa = PBXFileReference; lastKnownFileType = sourcecode.swift; path = PersonApi.swift; sourceTree = "<group>"; };
		FC46DC5F21A332C500421248 /* Person.swift */ = {isa = PBXFileReference; lastKnownFileType = sourcecode.swift; path = Person.swift; sourceTree = "<group>"; };
/* End PBXFileReference section */

/* Begin PBXFrameworksBuildPhase section */
		FC21A88C2191150E0023473C /* Frameworks */ = {
			isa = PBXFrameworksBuildPhase;
			buildActionMask = 2147483647;
			files = (
				AA6CA8602EC01CF46AC61EA0 /* Pods_StarTrivia.framework in Frameworks */,
			);
			runOnlyForDeploymentPostprocessing = 0;
		};
		FC21A8A02191150F0023473C /* Frameworks */ = {
			isa = PBXFrameworksBuildPhase;
			buildActionMask = 2147483647;
			files = (
				B42C2F3455DD2B8E5E8400C0 /* Pods_StarTriviaTests.framework in Frameworks */,
			);
			runOnlyForDeploymentPostprocessing = 0;
		};
		FC21A8AB2191150F0023473C /* Frameworks */ = {
			isa = PBXFrameworksBuildPhase;
			buildActionMask = 2147483647;
			files = (
				E51B755BEB9BB3F70F178146 /* Pods_StarTriviaUITests.framework in Frameworks */,
			);
			runOnlyForDeploymentPostprocessing = 0;
		};
/* End PBXFrameworksBuildPhase section */

/* Begin PBXGroup section */
		1EF3C3817F13E270C781F20E /* Pods */ = {
			isa = PBXGroup;
			children = (
				97AB77D216795543B0635A70 /* Pods-StarTrivia.debug.xcconfig */,
				4B500FD1698C396E936FBAD0 /* Pods-StarTrivia.release.xcconfig */,
				0F9C5C32D4EF0A7653D24D6F /* Pods-StarTriviaTests.debug.xcconfig */,
				D715C65D48D368E03BCC5FAA /* Pods-StarTriviaTests.release.xcconfig */,
				F2E84C4B9D19525F59351796 /* Pods-StarTriviaUITests.debug.xcconfig */,
				C2A67C65B6A3E3998C14B7A3 /* Pods-StarTriviaUITests.release.xcconfig */,
			);
			name = Pods;
			sourceTree = "<group>";
		};
		C74931432E969C3424EEF3A8 /* Frameworks */ = {
			isa = PBXGroup;
			children = (
				E9FC14BD9298913AD4678C1F /* Pods_StarTrivia.framework */,
				1C87C8B2CC67ABF610235BF5 /* Pods_StarTriviaTests.framework */,
				C028C631003EA7EFDF91333B /* Pods_StarTriviaUITests.framework */,
			);
			name = Frameworks;
			sourceTree = "<group>";
		};
		FC21A8862191150E0023473C = {
			isa = PBXGroup;
			children = (
				FC21A8912191150E0023473C /* StarTrivia */,
				FC21A8A62191150F0023473C /* StarTriviaTests */,
				FC21A8B12191150F0023473C /* StarTriviaUITests */,
				FC21A8902191150E0023473C /* Products */,
				1EF3C3817F13E270C781F20E /* Pods */,
				C74931432E969C3424EEF3A8 /* Frameworks */,
			);
			sourceTree = "<group>";
		};
		FC21A8902191150E0023473C /* Products */ = {
			isa = PBXGroup;
			children = (
				FC21A88F2191150E0023473C /* StarTrivia.app */,
				FC21A8A32191150F0023473C /* StarTriviaTests.xctest */,
				FC21A8AE2191150F0023473C /* StarTriviaUITests.xctest */,
			);
			name = Products;
			sourceTree = "<group>";
		};
		FC21A8912191150E0023473C /* StarTrivia */ = {
			isa = PBXGroup;
			children = (
				FC21A8CC219117C50023473C /* Controller */,
				FC21A8CB219117BD0023473C /* View */,
				FC21A8CA219117B70023473C /* Model */,
				FC21A8922191150E0023473C /* AppDelegate.swift */,
				FC46DC5C21A3265300421248 /* Services */,
				FC46DC5921A31E1B00421248 /* Utils */,
				FC21A8C92191178F0023473C /* Resources */,
				FC21A8962191150E0023473C /* Main.storyboard */,
				FC21A8992191150F0023473C /* Assets.xcassets */,
				FC21A89B2191150F0023473C /* LaunchScreen.storyboard */,
				FC21A89E2191150F0023473C /* Info.plist */,
			);
			path = StarTrivia;
			sourceTree = "<group>";
		};
		FC21A8A62191150F0023473C /* StarTriviaTests */ = {
			isa = PBXGroup;
			children = (
				FC21A8A72191150F0023473C /* StarTriviaTests.swift */,
				FC21A8A92191150F0023473C /* Info.plist */,
			);
			path = StarTriviaTests;
			sourceTree = "<group>";
		};
		FC21A8B12191150F0023473C /* StarTriviaUITests */ = {
			isa = PBXGroup;
			children = (
				FC21A8B22191150F0023473C /* StarTriviaUITests.swift */,
				FC21A8B42191150F0023473C /* Info.plist */,
			);
			path = StarTriviaUITests;
			sourceTree = "<group>";
		};
		FC21A8C82191176E0023473C /* Fonts */ = {
			isa = PBXGroup;
			children = (
				FC21A8C12191172D0023473C /* Starjedi.ttf */,
				FC21A8C02191172D0023473C /* Starjhol.ttf */,
				FC21A8C22191172D0023473C /* Starjout.ttf */,
			);
			path = Fonts;
			sourceTree = "<group>";
		};
		FC21A8C92191178F0023473C /* Resources */ = {
			isa = PBXGroup;
			children = (
				FC21A8C82191176E0023473C /* Fonts */,
			);
			path = Resources;
			sourceTree = "<group>";
		};
		FC21A8CA219117B70023473C /* Model */ = {
			isa = PBXGroup;
			children = (
				FC46DC5F21A332C500421248 /* Person.swift */,
				ACDA5A872283164600992E83 /* Homeworld.swift */,
			);
			path = Model;
			sourceTree = "<group>";
		};
		FC21A8CB219117BD0023473C /* View */ = {
			isa = PBXGroup;
			children = (
				FC46DC5721A31D5300421248 /* BlackBgView.swift */,
				AC270D182280BE6400AD1941 /* FadeEnabledBtn.swift */,
			);
			path = View;
			sourceTree = "<group>";
		};
		FC21A8CC219117C50023473C /* Controller */ = {
			isa = PBXGroup;
			children = (
				FC21A8942191150E0023473C /* SelectPersonVC.swift */,
				AC270D1A2280C77500AD1941 /* HomeworldVC.swift */,
				AC270D1E2280C7CA00AD1941 /* VehiclesVC.swift */,
				AC270D202280C7E200AD1941 /* StarshipsVC.swift */,
				AC270D222280C7F100AD1941 /* FilmsVC.swift */,
			);
			path = Controller;
			sourceTree = "<group>";
		};
		FC46DC5921A31E1B00421248 /* Utils */ = {
			isa = PBXGroup;
			children = (
				FC46DC5A21A31E3200421248 /* Constants.swift */,
			);
			path = Utils;
			sourceTree = "<group>";
		};
		FC46DC5C21A3265300421248 /* Services */ = {
			isa = PBXGroup;
			children = (
				FC46DC5D21A3267900421248 /* PersonApi.swift */,
				ACDA5A892283169800992E83 /* HomeworldApi.swift */,
			);
			path = Services;
			sourceTree = "<group>";
		};
/* End PBXGroup section */

/* Begin PBXNativeTarget section */
		FC21A88E2191150E0023473C /* StarTrivia */ = {
			isa = PBXNativeTarget;
			buildConfigurationList = FC21A8B72191150F0023473C /* Build configuration list for PBXNativeTarget "StarTrivia" */;
			buildPhases = (
				590F22AF197B2EA94E53825B /* [CP] Check Pods Manifest.lock */,
				FC21A88B2191150E0023473C /* Sources */,
				FC21A88C2191150E0023473C /* Frameworks */,
				FC21A88D2191150E0023473C /* Resources */,
				6F0B5128DBEA52C828B07CD4 /* [CP] Embed Pods Frameworks */,
			);
			buildRules = (
			);
			dependencies = (
			);
			name = StarTrivia;
			productName = StarTrivia;
			productReference = FC21A88F2191150E0023473C /* StarTrivia.app */;
			productType = "com.apple.product-type.application";
		};
		FC21A8A22191150F0023473C /* StarTriviaTests */ = {
			isa = PBXNativeTarget;
			buildConfigurationList = FC21A8BA2191150F0023473C /* Build configuration list for PBXNativeTarget "StarTriviaTests" */;
			buildPhases = (
				027CFF33BCD0ED728D1409A6 /* [CP] Check Pods Manifest.lock */,
				FC21A89F2191150F0023473C /* Sources */,
				FC21A8A02191150F0023473C /* Frameworks */,
				FC21A8A12191150F0023473C /* Resources */,
			);
			buildRules = (
			);
			dependencies = (
				FC21A8A52191150F0023473C /* PBXTargetDependency */,
			);
			name = StarTriviaTests;
			productName = StarTriviaTests;
			productReference = FC21A8A32191150F0023473C /* StarTriviaTests.xctest */;
			productType = "com.apple.product-type.bundle.unit-test";
		};
		FC21A8AD2191150F0023473C /* StarTriviaUITests */ = {
			isa = PBXNativeTarget;
			buildConfigurationList = FC21A8BD2191150F0023473C /* Build configuration list for PBXNativeTarget "StarTriviaUITests" */;
			buildPhases = (
				8D0D54C0A28B1E02C1F834BC /* [CP] Check Pods Manifest.lock */,
				FC21A8AA2191150F0023473C /* Sources */,
				FC21A8AB2191150F0023473C /* Frameworks */,
				FC21A8AC2191150F0023473C /* Resources */,
			);
			buildRules = (
			);
			dependencies = (
				FC21A8B02191150F0023473C /* PBXTargetDependency */,
			);
			name = StarTriviaUITests;
			productName = StarTriviaUITests;
			productReference = FC21A8AE2191150F0023473C /* StarTriviaUITests.xctest */;
			productType = "com.apple.product-type.bundle.ui-testing";
		};
/* End PBXNativeTarget section */

/* Begin PBXProject section */
		FC21A8872191150E0023473C /* Project object */ = {
			isa = PBXProject;
			attributes = {
				LastSwiftUpdateCheck = 1010;
				LastUpgradeCheck = 1010;
				ORGANIZATIONNAME = "Juan Chavez Montes";
				TargetAttributes = {
					FC21A88E2191150E0023473C = {
						CreatedOnToolsVersion = 10.1;
					};
					FC21A8A22191150F0023473C = {
						CreatedOnToolsVersion = 10.1;
						TestTargetID = FC21A88E2191150E0023473C;
					};
					FC21A8AD2191150F0023473C = {
						CreatedOnToolsVersion = 10.1;
						TestTargetID = FC21A88E2191150E0023473C;
					};
				};
			};
			buildConfigurationList = FC21A88A2191150E0023473C /* Build configuration list for PBXProject "StarTrivia" */;
			compatibilityVersion = "Xcode 9.3";
			developmentRegion = en;
			hasScannedForEncodings = 0;
			knownRegions = (
				en,
				Base,
			);
			mainGroup = FC21A8862191150E0023473C;
			productRefGroup = FC21A8902191150E0023473C /* Products */;
			projectDirPath = "";
			projectRoot = "";
			targets = (
				FC21A88E2191150E0023473C /* StarTrivia */,
				FC21A8A22191150F0023473C /* StarTriviaTests */,
				FC21A8AD2191150F0023473C /* StarTriviaUITests */,
			);
		};
/* End PBXProject section */

/* Begin PBXResourcesBuildPhase section */
		FC21A88D2191150E0023473C /* Resources */ = {
			isa = PBXResourcesBuildPhase;
			buildActionMask = 2147483647;
			files = (
				FC21A89D2191150F0023473C /* LaunchScreen.storyboard in Resources */,
				FC21A89A2191150F0023473C /* Assets.xcassets in Resources */,
				FC21A8982191150E0023473C /* Main.storyboard in Resources */,
				FC21A8C42191172D0023473C /* Starjedi.ttf in Resources */,
				FC21A8C52191172D0023473C /* Starjout.ttf in Resources */,
				FC21A8C32191172D0023473C /* Starjhol.ttf in Resources */,
			);
			runOnlyForDeploymentPostprocessing = 0;
		};
		FC21A8A12191150F0023473C /* Resources */ = {
			isa = PBXResourcesBuildPhase;
			buildActionMask = 2147483647;
			files = (
			);
			runOnlyForDeploymentPostprocessing = 0;
		};
		FC21A8AC2191150F0023473C /* Resources */ = {
			isa = PBXResourcesBuildPhase;
			buildActionMask = 2147483647;
			files = (
			);
			runOnlyForDeploymentPostprocessing = 0;
		};
/* End PBXResourcesBuildPhase section */

/* Begin PBXShellScriptBuildPhase section */
		027CFF33BCD0ED728D1409A6 /* [CP] Check Pods Manifest.lock */ = {
			isa = PBXShellScriptBuildPhase;
			buildActionMask = 2147483647;
			files = (
			);
			inputPaths = (
				"${PODS_PODFILE_DIR_PATH}/Podfile.lock",
				"${PODS_ROOT}/Manifest.lock",
			);
			name = "[CP] Check Pods Manifest.lock";
			outputPaths = (
				"$(DERIVED_FILE_DIR)/Pods-StarTriviaTests-checkManifestLockResult.txt",
			);
			runOnlyForDeploymentPostprocessing = 0;
			shellPath = /bin/sh;
			shellScript = "diff \"${PODS_PODFILE_DIR_PATH}/Podfile.lock\" \"${PODS_ROOT}/Manifest.lock\" > /dev/null\nif [ $? != 0 ] ; then\n    # print error to STDERR\n    echo \"error: The sandbox is not in sync with the Podfile.lock. Run 'pod install' or update your CocoaPods installation.\" >&2\n    exit 1\nfi\n# This output is used by Xcode 'outputs' to avoid re-running this script phase.\necho \"SUCCESS\" > \"${SCRIPT_OUTPUT_FILE_0}\"\n";
			showEnvVarsInLog = 0;
		};
		590F22AF197B2EA94E53825B /* [CP] Check Pods Manifest.lock */ = {
			isa = PBXShellScriptBuildPhase;
			buildActionMask = 2147483647;
			files = (
			);
			inputPaths = (
				"${PODS_PODFILE_DIR_PATH}/Podfile.lock",
				"${PODS_ROOT}/Manifest.lock",
			);
			name = "[CP] Check Pods Manifest.lock";
			outputPaths = (
				"$(DERIVED_FILE_DIR)/Pods-StarTrivia-checkManifestLockResult.txt",
			);
			runOnlyForDeploymentPostprocessing = 0;
			shellPath = /bin/sh;
			shellScript = "diff \"${PODS_PODFILE_DIR_PATH}/Podfile.lock\" \"${PODS_ROOT}/Manifest.lock\" > /dev/null\nif [ $? != 0 ] ; then\n    # print error to STDERR\n    echo \"error: The sandbox is not in sync with the Podfile.lock. Run 'pod install' or update your CocoaPods installation.\" >&2\n    exit 1\nfi\n# This output is used by Xcode 'outputs' to avoid re-running this script phase.\necho \"SUCCESS\" > \"${SCRIPT_OUTPUT_FILE_0}\"\n";
			showEnvVarsInLog = 0;
		};
		6F0B5128DBEA52C828B07CD4 /* [CP] Embed Pods Frameworks */ = {
			isa = PBXShellScriptBuildPhase;
			buildActionMask = 2147483647;
			files = (
			);
			inputPaths = (
				"${SRCROOT}/Pods/Target Support Files/Pods-StarTrivia/Pods-StarTrivia-frameworks.sh",
				"${BUILT_PRODUCTS_DIR}/Alamofire/Alamofire.framework",
				"${BUILT_PRODUCTS_DIR}/SwiftyJSON/SwiftyJSON.framework",
			);
			name = "[CP] Embed Pods Frameworks";
			outputPaths = (
				"${TARGET_BUILD_DIR}/${FRAMEWORKS_FOLDER_PATH}/Alamofire.framework",
				"${TARGET_BUILD_DIR}/${FRAMEWORKS_FOLDER_PATH}/SwiftyJSON.framework",
			);
			runOnlyForDeploymentPostprocessing = 0;
			shellPath = /bin/sh;
			shellScript = "\"${SRCROOT}/Pods/Target Support Files/Pods-StarTrivia/Pods-StarTrivia-frameworks.sh\"\n";
			showEnvVarsInLog = 0;
		};
		8D0D54C0A28B1E02C1F834BC /* [CP] Check Pods Manifest.lock */ = {
			isa = PBXShellScriptBuildPhase;
			buildActionMask = 2147483647;
			files = (
			);
			inputPaths = (
				"${PODS_PODFILE_DIR_PATH}/Podfile.lock",
				"${PODS_ROOT}/Manifest.lock",
			);
			name = "[CP] Check Pods Manifest.lock";
			outputPaths = (
				"$(DERIVED_FILE_DIR)/Pods-StarTriviaUITests-checkManifestLockResult.txt",
			);
			runOnlyForDeploymentPostprocessing = 0;
			shellPath = /bin/sh;
			shellScript = "diff \"${PODS_PODFILE_DIR_PATH}/Podfile.lock\" \"${PODS_ROOT}/Manifest.lock\" > /dev/null\nif [ $? != 0 ] ; then\n    # print error to STDERR\n    echo \"error: The sandbox is not in sync with the Podfile.lock. Run 'pod install' or update your CocoaPods installation.\" >&2\n    exit 1\nfi\n# This output is used by Xcode 'outputs' to avoid re-running this script phase.\necho \"SUCCESS\" > \"${SCRIPT_OUTPUT_FILE_0}\"\n";
			showEnvVarsInLog = 0;
		};
/* End PBXShellScriptBuildPhase section */

/* Begin PBXSourcesBuildPhase section */
		FC21A88B2191150E0023473C /* Sources */ = {
			isa = PBXSourcesBuildPhase;
			buildActionMask = 2147483647;
			files = (
				AC270D192280BE6400AD1941 /* FadeEnabledBtn.swift in Sources */,
				FC46DC6021A332C500421248 /* Person.swift in Sources */,
				AC270D212280C7E200AD1941 /* StarshipsVC.swift in Sources */,
				ACDA5A882283164600992E83 /* Homeworld.swift in Sources */,
				AC270D1F2280C7CA00AD1941 /* VehiclesVC.swift in Sources */,
				ACDA5A8A2283169800992E83 /* HomeworldApi.swift in Sources */,
				FC21A8952191150E0023473C /* SelectPersonVC.swift in Sources */,
				FC21A8932191150E0023473C /* AppDelegate.swift in Sources */,
				FC46DC5821A31D5300421248 /* BlackBgView.swift in Sources */,
				FC46DC5E21A3267900421248 /* PersonApi.swift in Sources */,
				AC270D232280C7F100AD1941 /* FilmsVC.swift in Sources */,
				AC270D1B2280C77500AD1941 /* HomeworldVC.swift in Sources */,
				FC46DC5B21A31E3200421248 /* Constants.swift in Sources */,
			);
			runOnlyForDeploymentPostprocessing = 0;
		};
		FC21A89F2191150F0023473C /* Sources */ = {
			isa = PBXSourcesBuildPhase;
			buildActionMask = 2147483647;
			files = (
				FC21A8A82191150F0023473C /* StarTriviaTests.swift in Sources */,
			);
			runOnlyForDeploymentPostprocessing = 0;
		};
		FC21A8AA2191150F0023473C /* Sources */ = {
			isa = PBXSourcesBuildPhase;
			buildActionMask = 2147483647;
			files = (
				FC21A8B32191150F0023473C /* StarTriviaUITests.swift in Sources */,
			);
			runOnlyForDeploymentPostprocessing = 0;
		};
/* End PBXSourcesBuildPhase section */

/* Begin PBXTargetDependency section */
		FC21A8A52191150F0023473C /* PBXTargetDependency */ = {
			isa = PBXTargetDependency;
			target = FC21A88E2191150E0023473C /* StarTrivia */;
			targetProxy = FC21A8A42191150F0023473C /* PBXContainerItemProxy */;
		};
		FC21A8B02191150F0023473C /* PBXTargetDependency */ = {
			isa = PBXTargetDependency;
			target = FC21A88E2191150E0023473C /* StarTrivia */;
			targetProxy = FC21A8AF2191150F0023473C /* PBXContainerItemProxy */;
		};
/* End PBXTargetDependency section */

/* Begin PBXVariantGroup section */
		FC21A8962191150E0023473C /* Main.storyboard */ = {
			isa = PBXVariantGroup;
			children = (
				FC21A8972191150E0023473C /* Base */,
			);
			name = Main.storyboard;
			sourceTree = "<group>";
		};
		FC21A89B2191150F0023473C /* LaunchScreen.storyboard */ = {
			isa = PBXVariantGroup;
			children = (
				FC21A89C2191150F0023473C /* Base */,
			);
			name = LaunchScreen.storyboard;
			sourceTree = "<group>";
		};
/* End PBXVariantGroup section */

/* Begin XCBuildConfiguration section */
		FC21A8B52191150F0023473C /* Debug */ = {
			isa = XCBuildConfiguration;
			buildSettings = {
				ALWAYS_SEARCH_USER_PATHS = NO;
				CLANG_ANALYZER_NONNULL = YES;
				CLANG_ANALYZER_NUMBER_OBJECT_CONVERSION = YES_AGGRESSIVE;
				CLANG_CXX_LANGUAGE_STANDARD = "gnu++14";
				CLANG_CXX_LIBRARY = "libc++";
				CLANG_ENABLE_MODULES = YES;
				CLANG_ENABLE_OBJC_ARC = YES;
				CLANG_ENABLE_OBJC_WEAK = YES;
				CLANG_WARN_BLOCK_CAPTURE_AUTORELEASING = YES;
				CLANG_WARN_BOOL_CONVERSION = YES;
				CLANG_WARN_COMMA = YES;
				CLANG_WARN_CONSTANT_CONVERSION = YES;
				CLANG_WARN_DEPRECATED_OBJC_IMPLEMENTATIONS = YES;
				CLANG_WARN_DIRECT_OBJC_ISA_USAGE = YES_ERROR;
				CLANG_WARN_DOCUMENTATION_COMMENTS = YES;
				CLANG_WARN_EMPTY_BODY = YES;
				CLANG_WARN_ENUM_CONVERSION = YES;
				CLANG_WARN_INFINITE_RECURSION = YES;
				CLANG_WARN_INT_CONVERSION = YES;
				CLANG_WARN_NON_LITERAL_NULL_CONVERSION = YES;
				CLANG_WARN_OBJC_IMPLICIT_RETAIN_SELF = YES;
				CLANG_WARN_OBJC_LITERAL_CONVERSION = YES;
				CLANG_WARN_OBJC_ROOT_CLASS = YES_ERROR;
				CLANG_WARN_RANGE_LOOP_ANALYSIS = YES;
				CLANG_WARN_STRICT_PROTOTYPES = YES;
				CLANG_WARN_SUSPICIOUS_MOVE = YES;
				CLANG_WARN_UNGUARDED_AVAILABILITY = YES_AGGRESSIVE;
				CLANG_WARN_UNREACHABLE_CODE = YES;
				CLANG_WARN__DUPLICATE_METHOD_MATCH = YES;
				CODE_SIGN_IDENTITY = "iPhone Developer";
				COPY_PHASE_STRIP = NO;
				DEBUG_INFORMATION_FORMAT = dwarf;
				ENABLE_STRICT_OBJC_MSGSEND = YES;
				ENABLE_TESTABILITY = YES;
				GCC_C_LANGUAGE_STANDARD = gnu11;
				GCC_DYNAMIC_NO_PIC = NO;
				GCC_NO_COMMON_BLOCKS = YES;
				GCC_OPTIMIZATION_LEVEL = 0;
				GCC_PREPROCESSOR_DEFINITIONS = (
					"DEBUG=1",
					"$(inherited)",
				);
				GCC_WARN_64_TO_32_BIT_CONVERSION = YES;
				GCC_WARN_ABOUT_RETURN_TYPE = YES_ERROR;
				GCC_WARN_UNDECLARED_SELECTOR = YES;
				GCC_WARN_UNINITIALIZED_AUTOS = YES_AGGRESSIVE;
				GCC_WARN_UNUSED_FUNCTION = YES;
				GCC_WARN_UNUSED_VARIABLE = YES;
				IPHONEOS_DEPLOYMENT_TARGET = 12.1;
				MTL_ENABLE_DEBUG_INFO = INCLUDE_SOURCE;
				MTL_FAST_MATH = YES;
				ONLY_ACTIVE_ARCH = YES;
				SDKROOT = iphoneos;
				SWIFT_ACTIVE_COMPILATION_CONDITIONS = DEBUG;
				SWIFT_OPTIMIZATION_LEVEL = "-Onone";
			};
			name = Debug;
		};
		FC21A8B62191150F0023473C /* Release */ = {
			isa = XCBuildConfiguration;
			buildSettings = {
				ALWAYS_SEARCH_USER_PATHS = NO;
				CLANG_ANALYZER_NONNULL = YES;
				CLANG_ANALYZER_NUMBER_OBJECT_CONVERSION = YES_AGGRESSIVE;
				CLANG_CXX_LANGUAGE_STANDARD = "gnu++14";
				CLANG_CXX_LIBRARY = "libc++";
				CLANG_ENABLE_MODULES = YES;
				CLANG_ENABLE_OBJC_ARC = YES;
				CLANG_ENABLE_OBJC_WEAK = YES;
				CLANG_WARN_BLOCK_CAPTURE_AUTORELEASING = YES;
				CLANG_WARN_BOOL_CONVERSION = YES;
				CLANG_WARN_COMMA = YES;
				CLANG_WARN_CONSTANT_CONVERSION = YES;
				CLANG_WARN_DEPRECATED_OBJC_IMPLEMENTATIONS = YES;
				CLANG_WARN_DIRECT_OBJC_ISA_USAGE = YES_ERROR;
				CLANG_WARN_DOCUMENTATION_COMMENTS = YES;
				CLANG_WARN_EMPTY_BODY = YES;
				CLANG_WARN_ENUM_CONVERSION = YES;
				CLANG_WARN_INFINITE_RECURSION = YES;
				CLANG_WARN_INT_CONVERSION = YES;
				CLANG_WARN_NON_LITERAL_NULL_CONVERSION = YES;
				CLANG_WARN_OBJC_IMPLICIT_RETAIN_SELF = YES;
				CLANG_WARN_OBJC_LITERAL_CONVERSION = YES;
				CLANG_WARN_OBJC_ROOT_CLASS = YES_ERROR;
				CLANG_WARN_RANGE_LOOP_ANALYSIS = YES;
				CLANG_WARN_STRICT_PROTOTYPES = YES;
				CLANG_WARN_SUSPICIOUS_MOVE = YES;
				CLANG_WARN_UNGUARDED_AVAILABILITY = YES_AGGRESSIVE;
				CLANG_WARN_UNREACHABLE_CODE = YES;
				CLANG_WARN__DUPLICATE_METHOD_MATCH = YES;
				CODE_SIGN_IDENTITY = "iPhone Developer";
				COPY_PHASE_STRIP = NO;
				DEBUG_INFORMATION_FORMAT = "dwarf-with-dsym";
				ENABLE_NS_ASSERTIONS = NO;
				ENABLE_STRICT_OBJC_MSGSEND = YES;
				GCC_C_LANGUAGE_STANDARD = gnu11;
				GCC_NO_COMMON_BLOCKS = YES;
				GCC_WARN_64_TO_32_BIT_CONVERSION = YES;
				GCC_WARN_ABOUT_RETURN_TYPE = YES_ERROR;
				GCC_WARN_UNDECLARED_SELECTOR = YES;
				GCC_WARN_UNINITIALIZED_AUTOS = YES_AGGRESSIVE;
				GCC_WARN_UNUSED_FUNCTION = YES;
				GCC_WARN_UNUSED_VARIABLE = YES;
				IPHONEOS_DEPLOYMENT_TARGET = 12.1;
				MTL_ENABLE_DEBUG_INFO = NO;
				MTL_FAST_MATH = YES;
				SDKROOT = iphoneos;
				SWIFT_COMPILATION_MODE = wholemodule;
				SWIFT_OPTIMIZATION_LEVEL = "-O";
				VALIDATE_PRODUCT = YES;
			};
			name = Release;
		};
		FC21A8B82191150F0023473C /* Debug */ = {
			isa = XCBuildConfiguration;
			baseConfigurationReference = 97AB77D216795543B0635A70 /* Pods-StarTrivia.debug.xcconfig */;
			buildSettings = {
				ASSETCATALOG_COMPILER_APPICON_NAME = AppIcon;
				CODE_SIGN_STYLE = Automatic;
				INFOPLIST_FILE = StarTrivia/Info.plist;
				LD_RUNPATH_SEARCH_PATHS = (
					"$(inherited)",
					"@executable_path/Frameworks",
				);
				PRODUCT_BUNDLE_IDENTIFIER = com.bionicwan.StarTrivia;
				PRODUCT_NAME = "$(TARGET_NAME)";
				SWIFT_VERSION = 4.2;
				TARGETED_DEVICE_FAMILY = "1,2";
			};
			name = Debug;
		};
		FC21A8B92191150F0023473C /* Release */ = {
			isa = XCBuildConfiguration;
			baseConfigurationReference = 4B500FD1698C396E936FBAD0 /* Pods-StarTrivia.release.xcconfig */;
			buildSettings = {
				ASSETCATALOG_COMPILER_APPICON_NAME = AppIcon;
				CODE_SIGN_STYLE = Automatic;
				INFOPLIST_FILE = StarTrivia/Info.plist;
				LD_RUNPATH_SEARCH_PATHS = (
					"$(inherited)",
					"@executable_path/Frameworks",
				);
				PRODUCT_BUNDLE_IDENTIFIER = com.bionicwan.StarTrivia;
				PRODUCT_NAME = "$(TARGET_NAME)";
				SWIFT_VERSION = 4.2;
				TARGETED_DEVICE_FAMILY = "1,2";
			};
			name = Release;
		};
		FC21A8BB2191150F0023473C /* Debug */ = {
			isa = XCBuildConfiguration;
			baseConfigurationReference = 0F9C5C32D4EF0A7653D24D6F /* Pods-StarTriviaTests.debug.xcconfig */;
			buildSettings = {
				ALWAYS_EMBED_SWIFT_STANDARD_LIBRARIES = YES;
				BUNDLE_LOADER = "$(TEST_HOST)";
				CODE_SIGN_STYLE = Automatic;
				INFOPLIST_FILE = StarTriviaTests/Info.plist;
				LD_RUNPATH_SEARCH_PATHS = (
					"$(inherited)",
					"@executable_path/Frameworks",
					"@loader_path/Frameworks",
				);
				PRODUCT_BUNDLE_IDENTIFIER = com.bionicwan.StarTriviaTests;
				PRODUCT_NAME = "$(TARGET_NAME)";
				SWIFT_VERSION = 4.2;
				TARGETED_DEVICE_FAMILY = "1,2";
				TEST_HOST = "$(BUILT_PRODUCTS_DIR)/StarTrivia.app/StarTrivia";
			};
			name = Debug;
		};
		FC21A8BC2191150F0023473C /* Release */ = {
			isa = XCBuildConfiguration;
			baseConfigurationReference = D715C65D48D368E03BCC5FAA /* Pods-StarTriviaTests.release.xcconfig */;
			buildSettings = {
				ALWAYS_EMBED_SWIFT_STANDARD_LIBRARIES = YES;
				BUNDLE_LOADER = "$(TEST_HOST)";
				CODE_SIGN_STYLE = Automatic;
				INFOPLIST_FILE = StarTriviaTests/Info.plist;
				LD_RUNPATH_SEARCH_PATHS = (
					"$(inherited)",
					"@executable_path/Frameworks",
					"@loader_path/Frameworks",
				);
				PRODUCT_BUNDLE_IDENTIFIER = com.bionicwan.StarTriviaTests;
				PRODUCT_NAME = "$(TARGET_NAME)";
				SWIFT_VERSION = 4.2;
				TARGETED_DEVICE_FAMILY = "1,2";
				TEST_HOST = "$(BUILT_PRODUCTS_DIR)/StarTrivia.app/StarTrivia";
			};
			name = Release;
		};
		FC21A8BE2191150F0023473C /* Debug */ = {
			isa = XCBuildConfiguration;
			baseConfigurationReference = F2E84C4B9D19525F59351796 /* Pods-StarTriviaUITests.debug.xcconfig */;
			buildSettings = {
				ALWAYS_EMBED_SWIFT_STANDARD_LIBRARIES = YES;
				CODE_SIGN_STYLE = Automatic;
				INFOPLIST_FILE = StarTriviaUITests/Info.plist;
				LD_RUNPATH_SEARCH_PATHS = (
					"$(inherited)",
					"@executable_path/Frameworks",
					"@loader_path/Frameworks",
				);
				PRODUCT_BUNDLE_IDENTIFIER = com.bionicwan.StarTriviaUITests;
				PRODUCT_NAME = "$(TARGET_NAME)";
				SWIFT_VERSION = 4.2;
				TARGETED_DEVICE_FAMILY = "1,2";
				TEST_TARGET_NAME = StarTrivia;
			};
			name = Debug;
		};
		FC21A8BF2191150F0023473C /* Release */ = {
			isa = XCBuildConfiguration;
			baseConfigurationReference = C2A67C65B6A3E3998C14B7A3 /* Pods-StarTriviaUITests.release.xcconfig */;
			buildSettings = {
				ALWAYS_EMBED_SWIFT_STANDARD_LIBRARIES = YES;
				CODE_SIGN_STYLE = Automatic;
				INFOPLIST_FILE = StarTriviaUITests/Info.plist;
				LD_RUNPATH_SEARCH_PATHS = (
					"$(inherited)",
					"@executable_path/Frameworks",
					"@loader_path/Frameworks",
				);
				PRODUCT_BUNDLE_IDENTIFIER = com.bionicwan.StarTriviaUITests;
				PRODUCT_NAME = "$(TARGET_NAME)";
				SWIFT_VERSION = 4.2;
				TARGETED_DEVICE_FAMILY = "1,2";
				TEST_TARGET_NAME = StarTrivia;
			};
			name = Release;
		};
/* End XCBuildConfiguration section */

/* Begin XCConfigurationList section */
		FC21A88A2191150E0023473C /* Build configuration list for PBXProject "StarTrivia" */ = {
			isa = XCConfigurationList;
			buildConfigurations = (
				FC21A8B52191150F0023473C /* Debug */,
				FC21A8B62191150F0023473C /* Release */,
			);
			defaultConfigurationIsVisible = 0;
			defaultConfigurationName = Release;
		};
		FC21A8B72191150F0023473C /* Build configuration list for PBXNativeTarget "StarTrivia" */ = {
			isa = XCConfigurationList;
			buildConfigurations = (
				FC21A8B82191150F0023473C /* Debug */,
				FC21A8B92191150F0023473C /* Release */,
			);
			defaultConfigurationIsVisible = 0;
			defaultConfigurationName = Release;
		};
		FC21A8BA2191150F0023473C /* Build configuration list for PBXNativeTarget "StarTriviaTests" */ = {
			isa = XCConfigurationList;
			buildConfigurations = (
				FC21A8BB2191150F0023473C /* Debug */,
				FC21A8BC2191150F0023473C /* Release */,
			);
			defaultConfigurationIsVisible = 0;
			defaultConfigurationName = Release;
		};
		FC21A8BD2191150F0023473C /* Build configuration list for PBXNativeTarget "StarTriviaUITests" */ = {
			isa = XCConfigurationList;
			buildConfigurations = (
				FC21A8BE2191150F0023473C /* Debug */,
				FC21A8BF2191150F0023473C /* Release */,
			);
			defaultConfigurationIsVisible = 0;
			defaultConfigurationName = Release;
		};
/* End XCConfigurationList section */
	};
	rootObject = FC21A8872191150E0023473C /* Project object */;
}
